
Microsoft Visual Studio Solution File, Format Version 12.00
# Visual Studio Version 16
VisualStudioVersion = 16.0.29519.181
MinimumVisualStudioVersion = 15.0.26124.0
Project("{9A19103F-16F7-4668-BE54-9A1E7A4F7556}") = "iloHealthChecker", "iLoHealthChecker\iloHealthChecker.csproj", "{272B3061-CA5B-410D-875E-57ED5EE2FAAB}"
EndProject
Project("{FAE04EC0-301F-11D3-BF4B-00C04F79EFBC}") = "iloHealthCheckerTests", "iloHealthCheckerTests\iloHealthCheckerTests.csproj", "{9AB2C4AB-71D3-4CBC-A958-8422D9490CA5}"
EndProject
Global
	GlobalSection(SolutionConfigurationPlatforms) = preSolution
		Debug|Any CPU = Debug|Any CPU
		Debug|x64 = Debug|x64
		Debug|x86 = Debug|x86
		Release|Any CPU = Release|Any CPU
		Release|x64 = Release|x64
		Release|x86 = Release|x86
	EndGlobalSection
	GlobalSection(ProjectConfigurationPlatforms) = postSolution
		{272B3061-CA5B-410D-875E-57ED5EE2FAAB}.Debug|Any CPU.ActiveCfg = Debug|Any CPU
		{272B3061-CA5B-410D-875E-57ED5EE2FAAB}.Debug|Any CPU.Build.0 = Debug|Any CPU
		{272B3061-CA5B-410D-875E-57ED5EE2FAAB}.Debug|x64.ActiveCfg = Debug|Any CPU
		{272B3061-CA5B-410D-875E-57ED5EE2FAAB}.Debug|x64.Build.0 = Debug|Any CPU
		{272B3061-CA5B-410D-875E-57ED5EE2FAAB}.Debug|x86.ActiveCfg = Debug|Any CPU
		{272B3061-CA5B-410D-875E-57ED5EE2FAAB}.Debug|x86.Build.0 = Debug|Any CPU
		{272B3061-CA5B-410D-875E-57ED5EE2FAAB}.Release|Any CPU.ActiveCfg = Release|Any CPU
		{272B3061-CA5B-410D-875E-57ED5EE2FAAB}.Release|Any CPU.Build.0 = Release|Any CPU
		{272B3061-CA5B-410D-875E-57ED5EE2FAAB}.Release|x64.ActiveCfg = Release|Any CPU
		{272B3061-CA5B-410D-875E-57ED5EE2FAAB}.Release|x64.Build.0 = Release|Any CPU
		{272B3061-CA5B-410D-875E-57ED5EE2FAAB}.Release|x86.ActiveCfg = Release|Any CPU
		{272B3061-CA5B-410D-875E-57ED5EE2FAAB}.Release|x86.Build.0 = Release|Any CPU
		{9AB2C4AB-71D3-4CBC-A958-8422D9490CA5}.Debug|Any CPU.ActiveCfg = Debug|Any CPU
		{9AB2C4AB-71D3-4CBC-A958-8422D9490CA5}.Debug|Any CPU.Build.0 = Debug|Any CPU
		{9AB2C4AB-71D3-4CBC-A958-8422D9490CA5}.Debug|x64.ActiveCfg = Debug|Any CPU
		{9AB2C4AB-71D3-4CBC-A958-8422D9490CA5}.Debug|x64.Build.0 = Debug|Any CPU
		{9AB2C4AB-71D3-4CBC-A958-8422D9490CA5}.Debug|x86.ActiveCfg = Debug|Any CPU
		{9AB2C4AB-71D3-4CBC-A958-8422D9490CA5}.Debug|x86.Build.0 = Debug|Any CPU
		{9AB2C4AB-71D3-4CBC-A958-8422D9490CA5}.Release|Any CPU.ActiveCfg = Release|Any CPU
		{9AB2C4AB-71D3-4CBC-A958-8422D9490CA5}.Release|Any CPU.Build.0 = Release|Any CPU
		{9AB2C4AB-71D3-4CBC-A958-8422D9490CA5}.Release|x64.ActiveCfg = Release|Any CPU
		{9AB2C4AB-71D3-4CBC-A958-8422D9490CA5}.Release|x64.Build.0 = Release|Any CPU
		{9AB2C4AB-71D3-4CBC-A958-8422D9490CA5}.Release|x86.ActiveCfg = Release|Any CPU
		{9AB2C4AB-71D3-4CBC-A958-8422D9490CA5}.Release|x86.Build.0 = Release|Any CPU
	EndGlobalSection
	GlobalSection(SolutionProperties) = preSolution
		HideSolutionNode = FALSE
	EndGlobalSection
	GlobalSection(ExtensibilityGlobals) = postSolution
		SolutionGuid = {FF6E3FE6-2BE0-486C-86B1-B61780C91607}
	EndGlobalSection
EndGlobal
